// !$*UTF8*$!
{
	archiveVersion = 1;
	classes = {
	};
	objectVersion = 46;
	objects = {

/* Begin PBXBuildFile section */
		6512E8CF1D62B553003F62BF /* coordinates.cpp in Sources */ = {isa = PBXBuildFile; fileRef = 6512E8CD1D62B553003F62BF /* coordinates.cpp */; };
		6512E8D21D62C014003F62BF /* human.cpp in Sources */ = {isa = PBXBuildFile; fileRef = 6512E8D01D62C014003F62BF /* human.cpp */; };
		6512E8D71D62D1FC003F62BF /* renderer.cpp in Sources */ = {isa = PBXBuildFile; fileRef = 6512E8D51D62D1FC003F62BF /* renderer.cpp */; };
		653404911D6150BE0088F185 /* main.cpp in Sources */ = {isa = PBXBuildFile; fileRef = 653404901D6150BE0088F185 /* main.cpp */; };
		6534049F1D61518F0088F185 /* gameobject.cpp in Sources */ = {isa = PBXBuildFile; fileRef = 6534049D1D61518F0088F185 /* gameobject.cpp */; };
		653E77F61D654661004BE7C4 /* tree.cpp in Sources */ = {isa = PBXBuildFile; fileRef = 653E77F31D654661004BE7C4 /* tree.cpp */; };
		653E77F71D654661004BE7C4 /* player.cpp in Sources */ = {isa = PBXBuildFile; fileRef = 653E77F41D654661004BE7C4 /* player.cpp */; };
		653E77F81D654661004BE7C4 /* manager.cpp in Sources */ = {isa = PBXBuildFile; fileRef = 653E77F51D654661004BE7C4 /* manager.cpp */; };
		653E77FE1D6546ED004BE7C4 /* creature.cpp in Sources */ = {isa = PBXBuildFile; fileRef = 653E77FC1D6546ED004BE7C4 /* creature.cpp */; };
		653E78011D654839004BE7C4 /* staticobject.cpp in Sources */ = {isa = PBXBuildFile; fileRef = 653E77FF1D654839004BE7C4 /* staticobject.cpp */; };
/* End PBXBuildFile section */

/* Begin PBXCopyFilesBuildPhase section */
		6534048B1D6150BE0088F185 /* CopyFiles */ = {
			isa = PBXCopyFilesBuildPhase;
			buildActionMask = 2147483647;
			dstPath = /usr/share/man/man1/;
			dstSubfolderSpec = 0;
			files = (
			);
			runOnlyForDeploymentPostprocessing = 1;
		};
/* End PBXCopyFilesBuildPhase section */

/* Begin PBXFileReference section */
		6512E8CD1D62B553003F62BF /* coordinates.cpp */ = {isa = PBXFileReference; fileEncoding = 4; lastKnownFileType = sourcecode.cpp.cpp; path = coordinates.cpp; sourceTree = "<group>"; };
		6512E8CE1D62B553003F62BF /* coordinates.hpp */ = {isa = PBXFileReference; fileEncoding = 4; lastKnownFileType = sourcecode.cpp.h; path = coordinates.hpp; sourceTree = "<group>"; };
		6512E8D01D62C014003F62BF /* human.cpp */ = {isa = PBXFileReference; fileEncoding = 4; lastKnownFileType = sourcecode.cpp.cpp; path = human.cpp; sourceTree = "<group>"; };
		6512E8D11D62C014003F62BF /* human.hpp */ = {isa = PBXFileReference; fileEncoding = 4; lastKnownFileType = sourcecode.cpp.h; path = human.hpp; sourceTree = "<group>"; };
		6512E8D51D62D1FC003F62BF /* renderer.cpp */ = {isa = PBXFileReference; fileEncoding = 4; lastKnownFileType = sourcecode.cpp.cpp; path = renderer.cpp; sourceTree = "<group>"; };
		6512E8D61D62D1FC003F62BF /* renderer.hpp */ = {isa = PBXFileReference; fileEncoding = 4; lastKnownFileType = sourcecode.cpp.h; path = renderer.hpp; sourceTree = "<group>"; };
		6534048D1D6150BE0088F185 /* gridgame */ = {isa = PBXFileReference; explicitFileType = "compiled.mach-o.executable"; includeInIndex = 0; path = gridgame; sourceTree = BUILT_PRODUCTS_DIR; };
		653404901D6150BE0088F185 /* main.cpp */ = {isa = PBXFileReference; lastKnownFileType = sourcecode.cpp.cpp; path = main.cpp; sourceTree = "<group>"; };
		6534049D1D61518F0088F185 /* gameobject.cpp */ = {isa = PBXFileReference; fileEncoding = 4; lastKnownFileType = sourcecode.cpp.cpp; path = gameobject.cpp; sourceTree = "<group>"; };
		6534049E1D61518F0088F185 /* gameobject.hpp */ = {isa = PBXFileReference; fileEncoding = 4; lastKnownFileType = sourcecode.cpp.h; path = gameobject.hpp; sourceTree = "<group>"; };
		653E77F01D654661004BE7C4 /* manager.hpp */ = {isa = PBXFileReference; fileEncoding = 4; lastKnownFileType = sourcecode.cpp.h; path = manager.hpp; sourceTree = "<group>"; };
		653E77F11D654661004BE7C4 /* tree.hpp */ = {isa = PBXFileReference; fileEncoding = 4; lastKnownFileType = sourcecode.cpp.h; path = tree.hpp; sourceTree = "<group>"; };
		653E77F21D654661004BE7C4 /* player.hpp */ = {isa = PBXFileReference; fileEncoding = 4; lastKnownFileType = sourcecode.cpp.h; path = player.hpp; sourceTree = "<group>"; };
		653E77F31D654661004BE7C4 /* tree.cpp */ = {isa = PBXFileReference; fileEncoding = 4; lastKnownFileType = sourcecode.cpp.cpp; path = tree.cpp; sourceTree = "<group>"; };
		653E77F41D654661004BE7C4 /* player.cpp */ = {isa = PBXFileReference; fileEncoding = 4; lastKnownFileType = sourcecode.cpp.cpp; path = player.cpp; sourceTree = "<group>"; };
		653E77F51D654661004BE7C4 /* manager.cpp */ = {isa = PBXFileReference; fileEncoding = 4; lastKnownFileType = sourcecode.cpp.cpp; path = manager.cpp; sourceTree = "<group>"; };
		653E77FC1D6546ED004BE7C4 /* creature.cpp */ = {isa = PBXFileReference; fileEncoding = 4; lastKnownFileType = sourcecode.cpp.cpp; path = creature.cpp; sourceTree = "<group>"; };
		653E77FD1D6546ED004BE7C4 /* creature.hpp */ = {isa = PBXFileReference; fileEncoding = 4; lastKnownFileType = sourcecode.cpp.h; path = creature.hpp; sourceTree = "<group>"; };
		653E77FF1D654839004BE7C4 /* staticobject.cpp */ = {isa = PBXFileReference; fileEncoding = 4; lastKnownFileType = sourcecode.cpp.cpp; path = staticobject.cpp; sourceTree = "<group>"; };
		653E78001D654839004BE7C4 /* staticobject.hpp */ = {isa = PBXFileReference; fileEncoding = 4; lastKnownFileType = sourcecode.cpp.h; path = staticobject.hpp; sourceTree = "<group>"; };
/* End PBXFileReference section */

/* Begin PBXFrameworksBuildPhase section */
		6534048A1D6150BE0088F185 /* Frameworks */ = {
			isa = PBXFrameworksBuildPhase;
			buildActionMask = 2147483647;
			files = (
			);
			runOnlyForDeploymentPostprocessing = 0;
		};
/* End PBXFrameworksBuildPhase section */

/* Begin PBXGroup section */
		6512E8D31D62D1E0003F62BF /* graphics */ = {
			isa = PBXGroup;
			children = (
				6512E8D51D62D1FC003F62BF /* renderer.cpp */,
				6512E8D61D62D1FC003F62BF /* renderer.hpp */,
			);
			path = graphics;
			sourceTree = "<group>";
		};
		653404841D6150BE0088F185 = {
			isa = PBXGroup;
			children = (
				6534048E1D6150BE0088F185 /* Products */,
				6534048F1D6150BE0088F185 /* gridgame */,
			);
			sourceTree = "<group>";
		};
		6534048E1D6150BE0088F185 /* Products */ = {
			isa = PBXGroup;
			children = (
				6534048D1D6150BE0088F185 /* gridgame */,
			);
			name = Products;
			sourceTree = "<group>";
		};
		6534048F1D6150BE0088F185 /* gridgame */ = {
			isa = PBXGroup;
			children = (
				653404981D6150E50088F185 /* game_objects */,
				6512E8D31D62D1E0003F62BF /* graphics */,
				653404971D6150E00088F185 /* logic */,
				653E77FB1D6546C3004BE7C4 /* managers */,
				653404901D6150BE0088F185 /* main.cpp */,
			);
			path = gridgame;
			sourceTree = "<group>";
		};
		653404971D6150E00088F185 /* logic */ = {
			isa = PBXGroup;
			children = (
				6512E8CD1D62B553003F62BF /* coordinates.cpp */,
				6512E8CE1D62B553003F62BF /* coordinates.hpp */,
			);
			path = logic;
			sourceTree = "<group>";
		};
		653404981D6150E50088F185 /* game_objects */ = {
			isa = PBXGroup;
			children = (
				653E77FA1D654692004BE7C4 /* creatures */,
				653E77F91D654682004BE7C4 /* static */,
				653E77FC1D6546ED004BE7C4 /* creature.cpp */,
				653E77FD1D6546ED004BE7C4 /* creature.hpp */,
				6534049D1D61518F0088F185 /* gameobject.cpp */,
				6534049E1D61518F0088F185 /* gameobject.hpp */,
				653E77FF1D654839004BE7C4 /* staticobject.cpp */,
				653E78001D654839004BE7C4 /* staticobject.hpp */,
			);
			path = game_objects;
			sourceTree = "<group>";
		};
		653E77F91D654682004BE7C4 /* static */ = {
			isa = PBXGroup;
			children = (
				653E77F31D654661004BE7C4 /* tree.cpp */,
				653E77F11D654661004BE7C4 /* tree.hpp */,
			);
			path = static;
			sourceTree = "<group>";
		};
		653E77FA1D654692004BE7C4 /* creatures */ = {
			isa = PBXGroup;
			children = (
				6512E8D01D62C014003F62BF /* human.cpp */,
				6512E8D11D62C014003F62BF /* human.hpp */,
			);
			path = creatures;
			sourceTree = "<group>";
		};
		653E77FB1D6546C3004BE7C4 /* managers */ = {
			isa = PBXGroup;
			children = (
				653E77F51D654661004BE7C4 /* manager.cpp */,
				653E77F01D654661004BE7C4 /* manager.hpp */,
				653E77F41D654661004BE7C4 /* player.cpp */,
				653E77F21D654661004BE7C4 /* player.hpp */,
			);
			path = managers;
			sourceTree = "<group>";
		};
/* End PBXGroup section */

/* Begin PBXNativeTarget section */
		6534048C1D6150BE0088F185 /* gridgame */ = {
			isa = PBXNativeTarget;
			buildConfigurationList = 653404941D6150BE0088F185 /* Build configuration list for PBXNativeTarget "gridgame" */;
			buildPhases = (
				653404891D6150BE0088F185 /* Sources */,
				6534048A1D6150BE0088F185 /* Frameworks */,
				6534048B1D6150BE0088F185 /* CopyFiles */,
			);
			buildRules = (
			);
			dependencies = (
			);
			name = gridgame;
			productName = gridgame;
			productReference = 6534048D1D6150BE0088F185 /* gridgame */;
			productType = "com.apple.product-type.tool";
		};
/* End PBXNativeTarget section */

/* Begin PBXProject section */
		653404851D6150BE0088F185 /* Project object */ = {
			isa = PBXProject;
			attributes = {
				LastUpgradeCheck = 0730;
				ORGANIZATIONNAME = SLIN63;
				TargetAttributes = {
					6534048C1D6150BE0088F185 = {
						CreatedOnToolsVersion = 7.3.1;
					};
				};
			};
			buildConfigurationList = 653404881D6150BE0088F185 /* Build configuration list for PBXProject "gridgame" */;
			compatibilityVersion = "Xcode 3.2";
			developmentRegion = English;
			hasScannedForEncodings = 0;
			knownRegions = (
				en,
			);
			mainGroup = 653404841D6150BE0088F185;
			productRefGroup = 6534048E1D6150BE0088F185 /* Products */;
			projectDirPath = "";
			projectRoot = "";
			targets = (
				6534048C1D6150BE0088F185 /* gridgame */,
			);
		};
/* End PBXProject section */

/* Begin PBXSourcesBuildPhase section */
		653404891D6150BE0088F185 /* Sources */ = {
			isa = PBXSourcesBuildPhase;
			buildActionMask = 2147483647;
			files = (
				653E77F71D654661004BE7C4 /* player.cpp in Sources */,
				6534049F1D61518F0088F185 /* gameobject.cpp in Sources */,
				6512E8D21D62C014003F62BF /* human.cpp in Sources */,
				653404911D6150BE0088F185 /* main.cpp in Sources */,
				6512E8D71D62D1FC003F62BF /* renderer.cpp in Sources */,
				653E77FE1D6546ED004BE7C4 /* creature.cpp in Sources */,
				6512E8CF1D62B553003F62BF /* coordinates.cpp in Sources */,
				653E77F81D654661004BE7C4 /* manager.cpp in Sources */,
				653E77F61D654661004BE7C4 /* tree.cpp in Sources */,
				653E78011D654839004BE7C4 /* staticobject.cpp in Sources */,
			);
			runOnlyForDeploymentPostprocessing = 0;
		};
/* End PBXSourcesBuildPhase section */

/* Begin XCBuildConfiguration section */
		653404921D6150BE0088F185 /* Debug */ = {
			isa = XCBuildConfiguration;
			buildSettings = {
				ALWAYS_SEARCH_USER_PATHS = NO;
				CLANG_ANALYZER_NONNULL = YES;
				CLANG_CXX_LANGUAGE_STANDARD = "gnu++0x";
				CLANG_CXX_LIBRARY = "libc++";
				CLANG_ENABLE_MODULES = YES;
				CLANG_ENABLE_OBJC_ARC = YES;
				CLANG_WARN_BOOL_CONVERSION = YES;
				CLANG_WARN_CONSTANT_CONVERSION = YES;
				CLANG_WARN_DIRECT_OBJC_ISA_USAGE = YES_ERROR;
				CLANG_WARN_EMPTY_BODY = YES;
				CLANG_WARN_ENUM_CONVERSION = YES;
				CLANG_WARN_INT_CONVERSION = YES;
				CLANG_WARN_OBJC_ROOT_CLASS = YES_ERROR;
				CLANG_WARN_UNREACHABLE_CODE = YES;
				CLANG_WARN__DUPLICATE_METHOD_MATCH = YES;
				CODE_SIGN_IDENTITY = "-";
				COPY_PHASE_STRIP = NO;
				DEBUG_INFORMATION_FORMAT = dwarf;
				ENABLE_STRICT_OBJC_MSGSEND = YES;
				ENABLE_TESTABILITY = YES;
				GCC_C_LANGUAGE_STANDARD = gnu99;
				GCC_DYNAMIC_NO_PIC = NO;
				GCC_NO_COMMON_BLOCKS = YES;
				GCC_OPTIMIZATION_LEVEL = 0;
				GCC_PREPROCESSOR_DEFINITIONS = (
					"DEBUG=1",
					"$(inherited)",
				);
				GCC_WARN_64_TO_32_BIT_CONVERSION = YES;
				GCC_WARN_ABOUT_RETURN_TYPE = YES_ERROR;
				GCC_WARN_UNDECLARED_SELECTOR = YES;
				GCC_WARN_UNINITIALIZED_AUTOS = YES_AGGRESSIVE;
				GCC_WARN_UNUSED_FUNCTION = YES;
				GCC_WARN_UNUSED_VARIABLE = YES;
				MACOSX_DEPLOYMENT_TARGET = 10.11;
				MTL_ENABLE_DEBUG_INFO = YES;
				ONLY_ACTIVE_ARCH = YES;
				SDKROOT = macosx;
			};
			name = Debug;
		};
		653404931D6150BE0088F185 /* Release */ = {
			isa = XCBuildConfiguration;
			buildSettings = {
				ALWAYS_SEARCH_USER_PATHS = NO;
				CLANG_ANALYZER_NONNULL = YES;
				CLANG_CXX_LANGUAGE_STANDARD = "gnu++0x";
				CLANG_CXX_LIBRARY = "libc++";
				CLANG_ENABLE_MODULES = YES;
				CLANG_ENABLE_OBJC_ARC = YES;
				CLANG_WARN_BOOL_CONVERSION = YES;
				CLANG_WARN_CONSTANT_CONVERSION = YES;
				CLANG_WARN_DIRECT_OBJC_ISA_USAGE = YES_ERROR;
				CLANG_WARN_EMPTY_BODY = YES;
				CLANG_WARN_ENUM_CONVERSION = YES;
				CLANG_WARN_INT_CONVERSION = YES;
				CLANG_WARN_OBJC_ROOT_CLASS = YES_ERROR;
				CLANG_WARN_UNREACHABLE_CODE = YES;
				CLANG_WARN__DUPLICATE_METHOD_MATCH = YES;
				CODE_SIGN_IDENTITY = "-";
				COPY_PHASE_STRIP = NO;
				DEBUG_INFORMATION_FORMAT = "dwarf-with-dsym";
				ENABLE_NS_ASSERTIONS = NO;
				ENABLE_STRICT_OBJC_MSGSEND = YES;
				GCC_C_LANGUAGE_STANDARD = gnu99;
				GCC_NO_COMMON_BLOCKS = YES;
				GCC_WARN_64_TO_32_BIT_CONVERSION = YES;
				GCC_WARN_ABOUT_RETURN_TYPE = YES_ERROR;
				GCC_WARN_UNDECLARED_SELECTOR = YES;
				GCC_WARN_UNINITIALIZED_AUTOS = YES_AGGRESSIVE;
				GCC_WARN_UNUSED_FUNCTION = YES;
				GCC_WARN_UNUSED_VARIABLE = YES;
				MACOSX_DEPLOYMENT_TARGET = 10.11;
				MTL_ENABLE_DEBUG_INFO = NO;
				SDKROOT = macosx;
			};
			name = Release;
		};
		653404951D6150BE0088F185 /* Debug */ = {
			isa = XCBuildConfiguration;
			buildSettings = {
				PRODUCT_NAME = "$(TARGET_NAME)";
			};
			name = Debug;
		};
		653404961D6150BE0088F185 /* Release */ = {
			isa = XCBuildConfiguration;
			buildSettings = {
				PRODUCT_NAME = "$(TARGET_NAME)";
			};
			name = Release;
		};
/* End XCBuildConfiguration section */

/* Begin XCConfigurationList section */
		653404881D6150BE0088F185 /* Build configuration list for PBXProject "gridgame" */ = {
			isa = XCConfigurationList;
			buildConfigurations = (
				653404921D6150BE0088F185 /* Debug */,
				653404931D6150BE0088F185 /* Release */,
			);
			defaultConfigurationIsVisible = 0;
			defaultConfigurationName = Release;
		};
		653404941D6150BE0088F185 /* Build configuration list for PBXNativeTarget "gridgame" */ = {
			isa = XCConfigurationList;
			buildConfigurations = (
				653404951D6150BE0088F185 /* Debug */,
				653404961D6150BE0088F185 /* Release */,
			);
			defaultConfigurationIsVisible = 0;
			defaultConfigurationName = Release;
		};
/* End XCConfigurationList section */
	};
	rootObject = 653404851D6150BE0088F185 /* Project object */;
}
